
Microsoft Visual Studio Solution File, Format Version 12.00
# Visual Studio Version 17
VisualStudioVersion = 17.0.31903.59
MinimumVisualStudioVersion = 10.0.40219.1
Project("{FAE04EC0-301F-11D3-BF4B-00C04F79EFBC}") = "workshop1", "workshop1\workshop1.csproj", "{5AD317E3-364B-4E01-976C-66EBD1B009C9}"
EndProject
Project("{FAE04EC0-301F-11D3-BF4B-00C04F79EFBC}") = "Task2", "Task2\Task2.csproj", "{994C9D69-E242-4B30-B572-C6A9781828B2}"
EndProject
Project("{FAE04EC0-301F-11D3-BF4B-00C04F79EFBC}") = "task3", "task3\task3.csproj", "{05FF6663-27BE-4591-92C0-E1EC6474CA17}"
EndProject
Project("{FAE04EC0-301F-11D3-BF4B-00C04F79EFBC}") = "task 4", "task 4\task 4.csproj", "{ABDFC30C-BDEC-4B45-9F05-52F5A8BC0838}"
EndProject
Project("{FAE04EC0-301F-11D3-BF4B-00C04F79EFBC}") = "task 5", "task 5\task 5.csproj", "{D410AF84-E4DF-4C9D-8231-E0979D125544}"
EndProject
Project("{FAE04EC0-301F-11D3-BF4B-00C04F79EFBC}") = "task 6", "task 6\task 6.csproj", "{3A51D80D-2246-4A9F-92DC-D5C523CF9786}"
EndProject
Global
	GlobalSection(SolutionConfigurationPlatforms) = preSolution
		Debug|Any CPU = Debug|Any CPU
		Debug|x64 = Debug|x64
		Debug|x86 = Debug|x86
		Release|Any CPU = Release|Any CPU
		Release|x64 = Release|x64
		Release|x86 = Release|x86
	EndGlobalSection
	GlobalSection(ProjectConfigurationPlatforms) = postSolution
		{5AD317E3-364B-4E01-976C-66EBD1B009C9}.Debug|Any CPU.ActiveCfg = Debug|Any CPU
		{5AD317E3-364B-4E01-976C-66EBD1B009C9}.Debug|Any CPU.Build.0 = Debug|Any CPU
		{5AD317E3-364B-4E01-976C-66EBD1B009C9}.Debug|x64.ActiveCfg = Debug|Any CPU
		{5AD317E3-364B-4E01-976C-66EBD1B009C9}.Debug|x64.Build.0 = Debug|Any CPU
		{5AD317E3-364B-4E01-976C-66EBD1B009C9}.Debug|x86.ActiveCfg = Debug|Any CPU
		{5AD317E3-364B-4E01-976C-66EBD1B009C9}.Debug|x86.Build.0 = Debug|Any CPU
		{5AD317E3-364B-4E01-976C-66EBD1B009C9}.Release|Any CPU.ActiveCfg = Release|Any CPU
		{5AD317E3-364B-4E01-976C-66EBD1B009C9}.Release|Any CPU.Build.0 = Release|Any CPU
		{5AD317E3-364B-4E01-976C-66EBD1B009C9}.Release|x64.ActiveCfg = Release|Any CPU
		{5AD317E3-364B-4E01-976C-66EBD1B009C9}.Release|x64.Build.0 = Release|Any CPU
		{5AD317E3-364B-4E01-976C-66EBD1B009C9}.Release|x86.ActiveCfg = Release|Any CPU
		{5AD317E3-364B-4E01-976C-66EBD1B009C9}.Release|x86.Build.0 = Release|Any CPU
		{994C9D69-E242-4B30-B572-C6A9781828B2}.Debug|Any CPU.ActiveCfg = Debug|Any CPU
		{994C9D69-E242-4B30-B572-C6A9781828B2}.Debug|Any CPU.Build.0 = Debug|Any CPU
		{994C9D69-E242-4B30-B572-C6A9781828B2}.Debug|x64.ActiveCfg = Debug|Any CPU
		{994C9D69-E242-4B30-B572-C6A9781828B2}.Debug|x64.Build.0 = Debug|Any CPU
		{994C9D69-E242-4B30-B572-C6A9781828B2}.Debug|x86.ActiveCfg = Debug|Any CPU
		{994C9D69-E242-4B30-B572-C6A9781828B2}.Debug|x86.Build.0 = Debug|Any CPU
		{994C9D69-E242-4B30-B572-C6A9781828B2}.Release|Any CPU.ActiveCfg = Release|Any CPU
		{994C9D69-E242-4B30-B572-C6A9781828B2}.Release|Any CPU.Build.0 = Release|Any CPU
		{994C9D69-E242-4B30-B572-C6A9781828B2}.Release|x64.ActiveCfg = Release|Any CPU
		{994C9D69-E242-4B30-B572-C6A9781828B2}.Release|x64.Build.0 = Release|Any CPU
		{994C9D69-E242-4B30-B572-C6A9781828B2}.Release|x86.ActiveCfg = Release|Any CPU
		{994C9D69-E242-4B30-B572-C6A9781828B2}.Release|x86.Build.0 = Release|Any CPU
		{05FF6663-27BE-4591-92C0-E1EC6474CA17}.Debug|Any CPU.ActiveCfg = Debug|Any CPU
		{05FF6663-27BE-4591-92C0-E1EC6474CA17}.Debug|Any CPU.Build.0 = Debug|Any CPU
		{05FF6663-27BE-4591-92C0-E1EC6474CA17}.Debug|x64.ActiveCfg = Debug|Any CPU
		{05FF6663-27BE-4591-92C0-E1EC6474CA17}.Debug|x64.Build.0 = Debug|Any CPU
		{05FF6663-27BE-4591-92C0-E1EC6474CA17}.Debug|x86.ActiveCfg = Debug|Any CPU
		{05FF6663-27BE-4591-92C0-E1EC6474CA17}.Debug|x86.Build.0 = Debug|Any CPU
		{05FF6663-27BE-4591-92C0-E1EC6474CA17}.Release|Any CPU.ActiveCfg = Release|Any CPU
		{05FF6663-27BE-4591-92C0-E1EC6474CA17}.Release|Any CPU.Build.0 = Release|Any CPU
		{05FF6663-27BE-4591-92C0-E1EC6474CA17}.Release|x64.ActiveCfg = Release|Any CPU
		{05FF6663-27BE-4591-92C0-E1EC6474CA17}.Release|x64.Build.0 = Release|Any CPU
		{05FF6663-27BE-4591-92C0-E1EC6474CA17}.Release|x86.ActiveCfg = Release|Any CPU
		{05FF6663-27BE-4591-92C0-E1EC6474CA17}.Release|x86.Build.0 = Release|Any CPU
		{ABDFC30C-BDEC-4B45-9F05-52F5A8BC0838}.Debug|Any CPU.ActiveCfg = Debug|Any CPU
		{ABDFC30C-BDEC-4B45-9F05-52F5A8BC0838}.Debug|Any CPU.Build.0 = Debug|Any CPU
		{ABDFC30C-BDEC-4B45-9F05-52F5A8BC0838}.Debug|x64.ActiveCfg = Debug|Any CPU
		{ABDFC30C-BDEC-4B45-9F05-52F5A8BC0838}.Debug|x64.Build.0 = Debug|Any CPU
		{ABDFC30C-BDEC-4B45-9F05-52F5A8BC0838}.Debug|x86.ActiveCfg = Debug|Any CPU
		{ABDFC30C-BDEC-4B45-9F05-52F5A8BC0838}.Debug|x86.Build.0 = Debug|Any CPU
		{ABDFC30C-BDEC-4B45-9F05-52F5A8BC0838}.Release|Any CPU.ActiveCfg = Release|Any CPU
		{ABDFC30C-BDEC-4B45-9F05-52F5A8BC0838}.Release|Any CPU.Build.0 = Release|Any CPU
		{ABDFC30C-BDEC-4B45-9F05-52F5A8BC0838}.Release|x64.ActiveCfg = Release|Any CPU
		{ABDFC30C-BDEC-4B45-9F05-52F5A8BC0838}.Release|x64.Build.0 = Release|Any CPU
		{ABDFC30C-BDEC-4B45-9F05-52F5A8BC0838}.Release|x86.ActiveCfg = Release|Any CPU
		{ABDFC30C-BDEC-4B45-9F05-52F5A8BC0838}.Release|x86.Build.0 = Release|Any CPU
		{D410AF84-E4DF-4C9D-8231-E0979D125544}.Debug|Any CPU.ActiveCfg = Debug|Any CPU
		{D410AF84-E4DF-4C9D-8231-E0979D125544}.Debug|Any CPU.Build.0 = Debug|Any CPU
		{D410AF84-E4DF-4C9D-8231-E0979D125544}.Debug|x64.ActiveCfg = Debug|Any CPU
		{D410AF84-E4DF-4C9D-8231-E0979D125544}.Debug|x64.Build.0 = Debug|Any CPU
		{D410AF84-E4DF-4C9D-8231-E0979D125544}.Debug|x86.ActiveCfg = Debug|Any CPU
		{D410AF84-E4DF-4C9D-8231-E0979D125544}.Debug|x86.Build.0 = Debug|Any CPU
		{D410AF84-E4DF-4C9D-8231-E0979D125544}.Release|Any CPU.ActiveCfg = Release|Any CPU
		{D410AF84-E4DF-4C9D-8231-E0979D125544}.Release|Any CPU.Build.0 = Release|Any CPU
		{D410AF84-E4DF-4C9D-8231-E0979D125544}.Release|x64.ActiveCfg = Release|Any CPU
		{D410AF84-E4DF-4C9D-8231-E0979D125544}.Release|x64.Build.0 = Release|Any CPU
		{D410AF84-E4DF-4C9D-8231-E0979D125544}.Release|x86.ActiveCfg = Release|Any CPU
		{D410AF84-E4DF-4C9D-8231-E0979D125544}.Release|x86.Build.0 = Release|Any CPU
		{3A51D80D-2246-4A9F-92DC-D5C523CF9786}.Debug|Any CPU.ActiveCfg = Debug|Any CPU
		{3A51D80D-2246-4A9F-92DC-D5C523CF9786}.Debug|Any CPU.Build.0 = Debug|Any CPU
		{3A51D80D-2246-4A9F-92DC-D5C523CF9786}.Debug|x64.ActiveCfg = Debug|Any CPU
		{3A51D80D-2246-4A9F-92DC-D5C523CF9786}.Debug|x64.Build.0 = Debug|Any CPU
		{3A51D80D-2246-4A9F-92DC-D5C523CF9786}.Debug|x86.ActiveCfg = Debug|Any CPU
		{3A51D80D-2246-4A9F-92DC-D5C523CF9786}.Debug|x86.Build.0 = Debug|Any CPU
		{3A51D80D-2246-4A9F-92DC-D5C523CF9786}.Release|Any CPU.ActiveCfg = Release|Any CPU
		{3A51D80D-2246-4A9F-92DC-D5C523CF9786}.Release|Any CPU.Build.0 = Release|Any CPU
		{3A51D80D-2246-4A9F-92DC-D5C523CF9786}.Release|x64.ActiveCfg = Release|Any CPU
		{3A51D80D-2246-4A9F-92DC-D5C523CF9786}.Release|x64.Build.0 = Release|Any CPU
		{3A51D80D-2246-4A9F-92DC-D5C523CF9786}.Release|x86.ActiveCfg = Release|Any CPU
		{3A51D80D-2246-4A9F-92DC-D5C523CF9786}.Release|x86.Build.0 = Release|Any CPU
	EndGlobalSection
	GlobalSection(SolutionProperties) = preSolution
		HideSolutionNode = FALSE
	EndGlobalSection
EndGlobal
